version = 1
revision = 3
requires-python = ">=3.13"

[[package]]
name = "bearlibterminal"
version = "0.15.8"
source = { registry = "https://pypi.org/simple" }
wheels = [
    { url = "https://files.pythonhosted.org/packages/50/f4/ad3b12dde68667c590935420e15d0a220e91dfe5cce61c8a1d6625bad72b/bearlibterminal-0.15.8-py2.py3-none-macosx_10_9_universal.whl", hash = "sha256:ddf5168219ba72de3af97f50d3b2757c9a0e762d095bc0da0ca79c4bb94850cd", size = 392135, upload-time = "2022-12-06T03:19:36.124Z" },
    { url = "https://files.pythonhosted.org/packages/d3/ad/17170ece734c8da6b1473fa80e12f04850c407adb3fa90cf14ffa58da035/bearlibterminal-0.15.8-py2.py3-none-manylinux2010_i686.whl", hash = "sha256:f28d24cb1265ea030c2164d57e7ed270b53dd41aab02b99df9267b00fe50d89c", size = 477584, upload-time = "2022-12-06T03:46:29.588Z" },
    { url = "https://files.pythonhosted.org/packages/f3/68/9250061bf46a3411fabb60446617aa58a093a933a75d90651efa6c0a5ae8/bearlibterminal-0.15.8-py2.py3-none-manylinux2010_x86_64.whl", hash = "sha256:89f1183118fab4fa0bcc2a4031aa60fad89920ddd36c94dea2ada360c1ebb402", size = 449705, upload-time = "2022-12-06T03:46:56.91Z" },
    { url = "https://files.pythonhosted.org/packages/54/5b/a369f2729bce188ad78600c247dafe9f84e902bc255eecbe9307d8f11bed/bearlibterminal-0.15.8-py2.py3-none-win32.whl", hash = "sha256:bf6f5fbc16d50acab65c9daebbdfbb90df975cfd506ca09f97c8fac413c26523", size = 698815, upload-time = "2022-12-06T03:47:46.559Z" },
    { url = "https://files.pythonhosted.org/packages/de/4f/d6c633157a66ecfaac69137c41b8139af35834ee7b382943d7a9140274b3/bearlibterminal-0.15.8-py2.py3-none-win_amd64.whl", hash = "sha256:bb205a060c02e125439c94769ab3126a0375b0c140051b77a4d8b8c89d9697e5", size = 702819, upload-time = "2022-12-06T03:47:48.599Z" },
]

[[package]]
name = "glaive"
version = "0.1.0"
source = { virtual = "." }
dependencies = [
    { name = "bearlibterminal" },
]

[package.metadata]
requires-dist = [{ name = "bearlibterminal", specifier = ">=0.15.8" }]
